
Microsoft Visual Studio Solution File, Format Version 12.00
Project("{FAE04EC0-301F-11D3-BF4B-00C04F79EFBC}") = "RCVUcabBackend", "RCVUcabBackend\RCVUcabBackend.csproj", "{CA454638-B01E-4A58-9982-FC9E4A2808BC}"
EndProject

Project("{FAE04EC0-301F-11D3-BF4B-00C04F79EFBC}") = "administrador", "administrador\administrador.csproj", "{8689D530-7A1B-44FB-84C3-753CD4801954}"
EndProject

("{FAE04EC0-301F-11D3-BF4B-00C04F79EFBC}") = "administradorTest", "administradorTest\administradorTest.csproj", "{3AD4B078-B92F-451A-883D-BD7A68DEF1B4}"

Project("{FAE04EC0-301F-11D3-BF4B-00C04F79EFBC}") = "RCVUcab.Tests", "RCVUcab.Tests\RCVUcab.Tests.csproj", "{27FE710E-19E1-4F2A-93A5-D2E36BB0C01D}"

EndProject

Global
	GlobalSection(SolutionConfigurationPlatforms) = preSolution
		Debug|Any CPU = Debug|Any CPU
		Release|Any CPU = Release|Any CPU
	EndGlobalSection
	GlobalSection(ProjectConfigurationPlatforms) = postSolution
		{CA454638-B01E-4A58-9982-FC9E4A2808BC}.Debug|Any CPU.ActiveCfg = Debug|Any CPU
		{CA454638-B01E-4A58-9982-FC9E4A2808BC}.Debug|Any CPU.Build.0 = Debug|Any CPU
		{CA454638-B01E-4A58-9982-FC9E4A2808BC}.Release|Any CPU.ActiveCfg = Release|Any CPU
		{CA454638-B01E-4A58-9982-FC9E4A2808BC}.Release|Any CPU.Build.0 = Release|Any CPU

		{8689D530-7A1B-44FB-84C3-753CD4801954}.Debug|Any CPU.ActiveCfg = Debug|Any CPU
		{8689D530-7A1B-44FB-84C3-753CD4801954}.Debug|Any CPU.Build.0 = Debug|Any CPU
		{8689D530-7A1B-44FB-84C3-753CD4801954}.Release|Any CPU.ActiveCfg = Release|Any CPU
		{8689D530-7A1B-44FB-84C3-753CD4801954}.Release|Any CPU.Build.0 = Release|Any CPU

		{3AD4B078-B92F-451A-883D-BD7A68DEF1B4}.Debug|Any CPU.ActiveCfg = Debug|Any CPU
		{3AD4B078-B92F-451A-883D-BD7A68DEF1B4}.Debug|Any CPU.Build.0 = Debug|Any CPU
		{3AD4B078-B92F-451A-883D-BD7A68DEF1B4}.Release|Any CPU.ActiveCfg = Release|Any CPU
		{3AD4B078-B92F-451A-883D-BD7A68DEF1B4}.Release|Any CPU.Build.0 = Release|Any CPU

		{27FE710E-19E1-4F2A-93A5-D2E36BB0C01D}.Debug|Any CPU.ActiveCfg = Debug|Any CPU
		{27FE710E-19E1-4F2A-93A5-D2E36BB0C01D}.Debug|Any CPU.Build.0 = Debug|Any CPU
		{27FE710E-19E1-4F2A-93A5-D2E36BB0C01D}.Release|Any CPU.ActiveCfg = Release|Any CPU
		{27FE710E-19E1-4F2A-93A5-D2E36BB0C01D}.Release|Any CPU.Build.0 = Release|Any CPU


	EndGlobalSection
EndGlobal
